---
lockfileVersion: '9.0'

importers:

  .:
    configDependencies: {}
    packageManagerDependencies:
      '@pnpm/exe':
        specifier: ^11.22.0
        version: 11.22.0
      pnpm:
        specifier: ^11.22.0
        version: 11.22.0

packages:

  '@pnpm/exe@11.22.0':
    resolution: {integrity: sha512-B1SGeKm+v9pX9YkzMmrnO2FbgBd8TDwzZ3jSj6J6ThxdyGvI4TsOfMeHARW4Wb25visPpmMDfIXrU76EZdJM4g==}
    hasBin: true

  '@pnpm/linux-arm64@11.22.0':
    resolution: {integrity: sha512-xzzn3jYG9QaiFZPaHcWM3yX4Fm9UGz5E42mzpbvUEvXYf5O9fwNolenOhGLpRl2qS5u35fjZSvDZbWlOwHMcug==}
    cpu: [arm64]
    os: [linux]

  '@pnpm/linux-x64@11.22.0':
    resolution: {integrity: sha512-isvaPctGinbsM2hsTtRsMarN8Sr5QhXDTNmn8Xv9Lp1PjincCvH2RBbhpo+xYIOxzgls1dtQSdgoORUbfRVALQ==}
    cpu: [x64]
    os: [linux]

  '@pnpm/linuxstatic-arm64@11.22.0':
    resolution: {integrity: sha512-i4J+AQWW0T3JBdXaLsvxu8ZmMG1HLS6JZQESdOR9uBv8Zumb4yg8GYT83eWRLacr6ngVdhEBiC3W4eOG64MFbA==}
    cpu: [arm64]
    os: [linux]
    libc: [musl]

  '@pnpm/linuxstatic-x64@11.22.0':
    resolution: {integrity: sha512-QYzk8jhSuSbVthW/OxEOhU3f3zhjpw4HqgedrlwbVNb7btCWn5del2Hb5PsYYka2PbmKq5EtF5IzYN8Yp1CfxQ==}
    cpu: [x64]
    os: [linux]
    libc: [musl]

  '@pnpm/macos-arm64@11.22.0':
    resolution: {integrity: sha512-Io8Axk5kutPgMuAfOg1QGj3J0/KpLvH5iiPcmp7up8D4q7BNWT02ndQo3RyGWqrlkf5nwspM41GFpWTShrZ4Aw==}
    cpu: [arm64]
    os: [darwin]

  '@pnpm/win-arm64@11.22.0':
    resolution: {integrity: sha512-QgaRuKGQKov7xW2utPCgDT83fn/PU5cD6HFgib48oTslz7wv26E89d4jMCxL4GRmEL2YCfkYuj5ITj1oVWg5WQ==}
    cpu: [arm64]
    os: [win32]

  '@pnpm/win-x64@11.22.0':
    resolution: {integrity: sha512-iWYsiSwpgxqur+TwsnSoPdOQaEfd4ygB84mb5tJUOgim6PHr1xhKJBndaQzH+At/WkLxLdYN+K8dYc4M7naezg==}
    cpu: [x64]
    os: [win32]

  '@reflink/reflink-darwin-arm64@0.1.19':
    resolution: {integrity: sha512-ruy44Lpepdk1FqDz38vExBY/PVUsjxZA+chd9wozjUH9JjuDT/HEaQYA6wYN9mf041l0yLVar6BCZuWABJvHSA==}
    engines: {node: '>= 10'}
    cpu: [arm64]
    os: [darwin]

  '@reflink/reflink-darwin-x64@0.1.19':
    resolution: {integrity: sha512-By85MSWrMZa+c26TcnAy8SDk0sTUkYlNnwknSchkhHpGXOtjNDUOxJE9oByBnGbeuIE1PiQsxDG3Ud+IVV9yuA==}
    engines: {node: '>= 10'}
    cpu: [x64]
    os: [darwin]

  '@reflink/reflink-linux-arm64-gnu@0.1.19':
    resolution: {integrity: sha512-7P+er8+rP9iNeN+bfmccM4hTAaLP6PQJPKWSA4iSk2bNvo6KU6RyPgYeHxXmzNKzPVRcypZQTpFgstHam6maVg==}
    engines: {node: '>= 10'}
    cpu: [arm64]
    os: [linux]
    libc: [glibc]

  '@reflink/reflink-linux-arm64-musl@0.1.19':
    resolution: {integrity: sha512-37iO/Dp6m5DDaC2sf3zPtx/hl9FV3Xze4xoYidrxxS9bgP3S8ALroxRK6xBG/1TtfXKTvolvp+IjrUU6ujIGmA==}
    engines: {node: '>= 10'}
    cpu: [arm64]
    os: [linux]
    libc: [musl]

  '@reflink/reflink-linux-x64-gnu@0.1.19':
    resolution: {integrity: sha512-jbI8jvuYCaA3MVUdu8vLoLAFqC+iNMpiSuLbxlAgg7x3K5bsS8nOpTRnkLF7vISJ+rVR8W+7ThXlXlUQ93ulkw==}
    engines: {node: '>= 10'}
    cpu: [x64]
    os: [linux]
    libc: [glibc]

  '@reflink/reflink-linux-x64-musl@0.1.19':
    resolution: {integrity: sha512-e9FBWDe+lv7QKAwtKOt6A2W/fyy/aEEfr0g6j/hWzvQcrzHCsz07BNQYlNOjTfeytrtLU7k449H1PI95jA4OjQ==}
    engines: {node: '>= 10'}
    cpu: [x64]
    os: [linux]
    libc: [musl]

  '@reflink/reflink-win32-arm64-msvc@0.1.19':
    resolution: {integrity: sha512-09PxnVIQcd+UOn4WAW73WU6PXL7DwGS6wPlkMhMg2zlHHG65F3vHepOw06HFCq+N42qkaNAc8AKIabWvtk6cIQ==}
    engines: {node: '>= 10'}
    cpu: [arm64]
    os: [win32]

  '@reflink/reflink-win32-x64-msvc@0.1.19':
    resolution: {integrity: sha512-E//yT4ni2SyhwP8JRjVGWr3cbnhWDiPLgnQ66qqaanjjnMiu3O/2tjCPQXlcGc/DEYofpDc9fvhv6tALQsMV9w==}
    engines: {node: '>= 10'}
    cpu: [x64]
    os: [win32]

  '@reflink/reflink@0.1.19':
    resolution: {integrity: sha512-DmCG8GzysnCZ15bres3N5AHCmwBwYgp0As6xjhQ47rAUTUXxJiK+lLUxaGsX3hd/30qUpVElh05PbGuxRPgJwA==}
    engines: {node: '>= 10'}

  detect-libc@2.1.2:
    resolution: {integrity: sha512-Btj2BOOO83o3WyH59e8MgXsxEQVcarkUOpEYrubB0urwnN10yQ364rsiByU11nZlqWYZm05i/of7io4mzihBtQ==}
    engines: {node: '>=8'}

  pnpm@11.22.0:
    resolution: {integrity: sha512-H/hwxMYTPf2I+yr8Rt0T1H8JyXlLQ4xv20fKmMrzvBY4HuC+k6CRuOOCTPAfiJ9G19niCRD7C+GrD7W6qA3WIQ==}
    engines: {node: '>=22.13'}
    hasBin: true

snapshots:

  '@pnpm/exe@11.22.0':
    dependencies:
      '@reflink/reflink': 0.1.19
      detect-libc: 2.1.2
    optionalDependencies:
      '@pnpm/linux-arm64': 11.22.0
      '@pnpm/linux-x64': 11.22.0
      '@pnpm/linuxstatic-arm64': 11.22.0
      '@pnpm/linuxstatic-x64': 11.22.0
      '@pnpm/macos-arm64': 11.22.0
      '@pnpm/win-arm64': 11.22.0
      '@pnpm/win-x64': 11.22.0

  '@pnpm/linux-arm64@11.22.0':
    optional: true

  '@pnpm/linux-x64@11.22.0':
    optional: true

  '@pnpm/linuxstatic-arm64@11.22.0':
    optional: true

  '@pnpm/linuxstatic-x64@11.22.0':
    optional: true

  '@pnpm/macos-arm64@11.22.0':
    optional: true

  '@pnpm/win-arm64@11.22.0':
    optional: true

  '@pnpm/win-x64@11.22.0':
    optional: true

  '@reflink/reflink-darwin-arm64@0.1.19':
    optional: true

  '@reflink/reflink-darwin-x64@0.1.19':
    optional: true

  '@reflink/reflink-linux-arm64-gnu@0.1.19':
    optional: true

  '@reflink/reflink-linux-arm64-musl@0.1.19':
    optional: true

  '@reflink/reflink-linux-x64-gnu@0.1.19':
    optional: true

  '@reflink/reflink-linux-x64-musl@0.1.19':
    optional: true

  '@reflink/reflink-win32-arm64-msvc@0.1.19':
    optional: true

  '@reflink/reflink-win32-x64-msvc@0.1.19':
    optional: true

  '@reflink/reflink@0.1.19':
    optionalDependencies:
      '@reflink/reflink-darwin-arm64': 0.1.19
      '@reflink/reflink-darwin-x64': 0.1.19
      '@reflink/reflink-linux-arm64-gnu': 0.1.19
      '@reflink/reflink-linux-arm64-musl': 0.1.19
      '@reflink/reflink-linux-x64-gnu': 0.1.19
      '@reflink/reflink-linux-x64-musl': 0.1.19
      '@reflink/reflink-win32-arm64-msvc': 0.1.19
      '@reflink/reflink-win32-x64-msvc': 0.1.19

  detect-libc@2.1.2: {}

  pnpm@11.22.0: {}

---
lockfileVersion: '9.0'

settings:
  autoInstallPeers: true
  excludeLinksFromLockfile: false

importers:

  .:
    dependencies:
      oxlint:
        specifier: ^1.80.0
        version: 1.80.0
      readline-sync:
        specifier: ^1.4.10
        version: 1.4.10

packages:

  '@oxlint/binding-android-arm-eabi@1.80.0':
    resolution: {integrity: sha512-RM3Plj+biQpxa5d1GOOX6ciDlcUROmm4OZ/pLTpitkQt2mJv4jhtY4cbgaetOm5UKWZe05/TGQ6o1Vl8EOHkrA==}
    engines: {node: ^20.19.0 || >=22.12.0}
    cpu: [arm]
    os: [android]

  '@oxlint/binding-android-arm64@1.80.0':
    resolution: {integrity: sha512-YlO5JEf0Yr2bUUlu8O8daVcUxtcGGbcSmyV7E7nSbJbfAdxTE0PFPwgnIlw7wXJaTYjb+qs5hI5q3jxUkI7cAw==}
    engines: {node: ^20.19.0 || >=22.12.0}
    cpu: [arm64]
    os: [android]

  '@oxlint/binding-darwin-arm64@1.80.0':
    resolution: {integrity: sha512-BULDOyO3AhsmdWfQeIUCykDt3dd7XZBGLhp1eIh56skRv01O+cNjNPwXMIbeW1x4+pxcln5if72wcRgViVo7PA==}
    engines: {node: ^20.19.0 || >=22.12.0}
    cpu: [arm64]
    os: [darwin]

  '@oxlint/binding-darwin-x64@1.80.0':
    resolution: {integrity: sha512-YJ4JzLw7N5TDSQFlA0hAQGHvnDZgyypm1yunObVWcWiF9KM7eGCJKYKLgTC2Fi/57OdnBhbj4OkzPGdFQJ6HyA==}
    engines: {node: ^20.19.0 || >=22.12.0}
    cpu: [x64]
    os: [darwin]

  '@oxlint/binding-freebsd-x64@1.80.0':
    resolution: {integrity: sha512-AYUIk5QnL0s8oWAYsREZwkRYy1SupJTXALo93J1TgzHywxQtdM99FecRMQ87MXEdPQ0j1TmEpeeq3fGNkpvMqg==}
    engines: {node: ^20.19.0 || >=22.12.0}
    cpu: [x64]
    os: [freebsd]

  '@oxlint/binding-linux-arm-gnueabihf@1.80.0':
    resolution: {integrity: sha512-9hBZVANupQ89W9dXyE0n8doCyaW5pDyGn3y6XlIMPZ+rIKuyqkr3SNUXmVJIhuvUq0NBU3RBiSXXE69l4XI6KA==}
    engines: {node: ^20.19.0 || >=22.12.0}
    cpu: [arm]
    os: [linux]

  '@oxlint/binding-linux-arm-musleabihf@1.80.0':
    resolution: {integrity: sha512-SvS2uKqzY+pbfuvAHzH4338R6Zwo805GAwrIMVvK1KxoOWCIjZUdfzTCvilD7z6JK91v011+zYMryabhDo2AsQ==}
    engines: {node: ^20.19.0 || >=22.12.0}
    cpu: [arm]
    os: [linux]

  '@oxlint/binding-linux-arm64-gnu@1.80.0':
    resolution: {integrity: sha512-tCLadyqRVL3pQTRPNg7cjXKvcvS4fbyXeQHhKk5BTJ1oftQln5/yIIWbu/Xom/DX41zv2P9QGt6+D/TtQVtY3A==}
    engines: {node: ^20.19.0 || >=22.12.0}
    cpu: [arm64]
    os: [linux]
    libc: [glibc]

  '@oxlint/binding-linux-arm64-musl@1.80.0':
    resolution: {integrity: sha512-XfpCNRlOPcLlJl4Bn/FUhjqlR6BVavEykERBf/MV7YA9VZDa5g5znVqYhyviMafcxS9Pe/i/kPvHNO0U6svEHQ==}
    engines: {node: ^20.19.0 || >=22.12.0}
    cpu: [arm64]
    os: [linux]
    libc: [musl]

  '@oxlint/binding-linux-ppc64-gnu@1.80.0':
    resolution: {integrity: sha512-3I4yMwcFG9NeO8ioY6JBBuKsIm5GL/x7MATt1S4tVWaxPu5HcJ+XnLUbcVBTxG8q2Wu56HSj+NmXQiVYb1lp6A==}
    engines: {node: ^20.19.0 || >=22.12.0}
    cpu: [ppc64]
    os: [linux]
    libc: [glibc]

  '@oxlint/binding-linux-riscv64-gnu@1.80.0':
    resolution: {integrity: sha512-E1wAKymkpe1/E8helzBKdm81OBOF+ezxRyXRMEuik3ZpWDER5CPOKZwF66RsdwW98uwZv8UTFremUQtC1CzdJA==}
    engines: {node: ^20.19.0 || >=22.12.0}
    cpu: [riscv64]
    os: [linux]
    libc: [glibc]

  '@oxlint/binding-linux-riscv64-musl@1.80.0':
    resolution: {integrity: sha512-+gLRGD4sIo3+VA++iham5UxD9tKSoJ/VOrROCEXIcknrYtQg6iIQgvjN0cpiRF7N6UYC7pJbvHJlDnMge5LRpQ==}
    engines: {node: ^20.19.0 || >=22.12.0}
    cpu: [riscv64]
    os: [linux]
    libc: [musl]

  '@oxlint/binding-linux-s390x-gnu@1.80.0':
    resolution: {integrity: sha512-aR0PrzHj9leW3NmzBAAP4EzdoBNoJcs9sjnIQPIwyRnBGYrRbXUIpEB5Q39AqK3PLY5JK5uEhDQDiUa1QSAstw==}
    engines: {node: ^20.19.0 || >=22.12.0}
    cpu: [s390x]
    os: [linux]
    libc: [glibc]

  '@oxlint/binding-linux-x64-gnu@1.80.0':
    resolution: {integrity: sha512-vSVh5cSo3Xxs6ghBCcFJlpbkbENzDog1qXtoXLa/HC3aCrR4XO76GZbXmQoCPHnu99nQpdCeC3H9tdNICfDh7A==}
    engines: {node: ^20.19.0 || >=22.12.0}
    cpu: [x64]
    os: [linux]
    libc: [glibc]

  '@oxlint/binding-linux-x64-musl@1.80.0':
    resolution: {integrity: sha512-FfzBXpNQ8u7/ZI/p8bl73MeZ508Ax3hxWp3SiJpEFiC+BB9XcXy5FAZHTLKDPSzrUpxQZSZJAVdDmuJp/+HDBQ==}
    engines: {node: ^20.19.0 || >=22.12.0}
    cpu: [x64]
    os: [linux]
    libc: [musl]

  '@oxlint/binding-openharmony-arm64@1.80.0':
    resolution: {integrity: sha512-zMzbkumtmprCgRwoYNzcB3iC39fXdJIMLMU33KdCjEGLlJGOEt1+LwQ4LF8ndLzAEKVz4BR0y3V6Xrkk3Nm3yA==}
    engines: {node: ^20.19.0 || >=22.12.0}
    cpu: [arm64]
    os: [openharmony]

  '@oxlint/binding-win32-arm64-msvc@1.80.0':
    resolution: {integrity: sha512-ib6iRcrXsk4t1fm3iKcwksyWh1ZkZXC/2mEzakl0ai2+6HZunf1WWMZ/xP9EJAvw9g9K4UVTC3NF/+G2qLrbTQ==}
    engines: {node: ^20.19.0 || >=22.12.0}
    cpu: [arm64]
    os: [win32]

  '@oxlint/binding-win32-ia32-msvc@1.80.0':
    resolution: {integrity: sha512-xhRWBMpLxZvgKAH6+DJZmpP+W8Y8UdQOSU1JfxSWNXsaBaRGW77j+1hCuNHlzj7OH4SPN8fYd1q0o2qrDtoVyw==}
    engines: {node: ^20.19.0 || >=22.12.0}
    cpu: [ia32]
    os: [win32]

  '@oxlint/binding-win32-x64-msvc@1.80.0':
    resolution: {integrity: sha512-yAnO7lwBYQnz2pcfBPIGQQZWIX5zd5R/1aAKIF3oE+TVj7IhoHcROjOkz3sRDngzqhfPKfFaXqug5j5rE5dn6Q==}
    engines: {node: ^20.19.0 || >=22.12.0}
    cpu: [x64]
    os: [win32]

  oxlint@1.80.0:
    resolution: {integrity: sha512-5nTiSps4qdbCWLbxzuO00alHkEO2exR9YMN/ig6QXWrLsYSG0KaObOAM+l6oU2LcKPWoSAGYbkZIGEu1ViiWKA==}
    engines: {node: ^20.19.0 || >=22.12.0}
    hasBin: true
    peerDependencies:
      oxlint-tsgolint: '>=7.0.2001'
      vite-plus: '*'
    peerDependenciesMeta:
      oxlint-tsgolint:
        optional: true
      vite-plus:
        optional: true

  readline-sync@1.4.10:
    resolution: {integrity: sha512-gNva8/6UAe8QYepIQH/jQ2qn91Qj0B9sYjMBBs3QOB8F2CXcKgLxQaJRP76sWVRQt+QU+8fAkCbCvjjMFu7Ycw==}
    engines: {node: '>= 0.8.0'}

snapshots:

  '@oxlint/binding-android-arm-eabi@1.80.0':
    optional: true

  '@oxlint/binding-android-arm64@1.80.0':
    optional: true

  '@oxlint/binding-darwin-arm64@1.80.0':
    optional: true

  '@oxlint/binding-darwin-x64@1.80.0':
    optional: true

  '@oxlint/binding-freebsd-x64@1.80.0':
    optional: true

  '@oxlint/binding-linux-arm-gnueabihf@1.80.0':
    optional: true

  '@oxlint/binding-linux-arm-musleabihf@1.80.0':
    optional: true

  '@oxlint/binding-linux-arm64-gnu@1.80.0':
    optional: true

  '@oxlint/binding-linux-arm64-musl@1.80.0':
    optional: true

  '@oxlint/binding-linux-ppc64-gnu@1.80.0':
    optional: true

  '@oxlint/binding-linux-riscv64-gnu@1.80.0':
    optional: true

  '@oxlint/binding-linux-riscv64-musl@1.80.0':
    optional: true

  '@oxlint/binding-linux-s390x-gnu@1.80.0':
    optional: true

  '@oxlint/binding-linux-x64-gnu@1.80.0':
    optional: true

  '@oxlint/binding-linux-x64-musl@1.80.0':
    optional: true

  '@oxlint/binding-openharmony-arm64@1.80.0':
    optional: true

  '@oxlint/binding-win32-arm64-msvc@1.80.0':
    optional: true

  '@oxlint/binding-win32-ia32-msvc@1.80.0':
    optional: true

  '@oxlint/binding-win32-x64-msvc@1.80.0':
    optional: true

  oxlint@1.80.0:
    optionalDependencies:
      '@oxlint/binding-android-arm-eabi': 1.80.0
      '@oxlint/binding-android-arm64': 1.80.0
      '@oxlint/binding-darwin-arm64': 1.80.0
      '@oxlint/binding-darwin-x64': 1.80.0
      '@oxlint/binding-freebsd-x64': 1.80.0
      '@oxlint/binding-linux-arm-gnueabihf': 1.80.0
      '@oxlint/binding-linux-arm-musleabihf': 1.80.0
      '@oxlint/binding-linux-arm64-gnu': 1.80.0
      '@oxlint/binding-linux-arm64-musl': 1.80.0
      '@oxlint/binding-linux-ppc64-gnu': 1.80.0
      '@oxlint/binding-linux-riscv64-gnu': 1.80.0
      '@oxlint/binding-linux-riscv64-musl': 1.80.0
      '@oxlint/binding-linux-s390x-gnu': 1.80.0
      '@oxlint/binding-linux-x64-gnu': 1.80.0
      '@oxlint/binding-linux-x64-musl': 1.80.0
      '@oxlint/binding-openharmony-arm64': 1.80.0
      '@oxlint/binding-win32-arm64-msvc': 1.80.0
      '@oxlint/binding-win32-ia32-msvc': 1.80.0
      '@oxlint/binding-win32-x64-msvc': 1.80.0

  readline-sync@1.4.10: {}
